<?xml version="1.0" encoding="utf-8"?>
<Project ToolsVersion="4.0" xmlns="http://schemas.microsoft.com/developer/msbuild/2003">
  <ItemGroup>
    <Filter Include="源文件">
      <UniqueIdentifier>{4FC737F1-C7A5-4376-A066-2A32D752A2FF}</UniqueIdentifier>
      <Extensions>cpp;c;cc;cxx;def;odl;idl;hpj;bat;asm;asmx</Extensions>
    </Filter>
    <Filter Include="头文件">
      <UniqueIdentifier>{93995380-89BD-4b04-88EB-625FBE52EBFB}</UniqueIdentifier>
      <Extensions>h;hpp;hxx;hm;inl;inc;xsd</Extensions>
    </Filter>
    <Filter Include="资源文件">
      <UniqueIdentifier>{67DA6AB6-F800-4c08-8B7A-83BB121AAD01}</UniqueIdentifier>
      <Extensions>rc;ico;cur;bmp;dlg;rc2;rct;bin;rgs;gif;jpg;jpeg;jpe;resx;tiff;tif;png;wav;mfcribbon-ms</Extensions>
    </Filter>
  </ItemGroup>
  <ItemGroup>
    <Text Include="ReadMe.txt" />
  </ItemGroup>
  <ItemGroup>
    <ClInclude Include="Bank.h">
      <Filter>头文件</Filter>
    </ClInclude>
    <ClInclude Include="BankDlg.h">
      <Filter>头文件</Filter>
    </ClInclude>
    <ClInclude Include="stdafx.h">
      <Filter>头文件</Filter>
    </ClInclude>
    <ClInclude Include="targetver.h">
      <Filter>头文件</Filter>
    </ClInclude>
    <ClInclude Include="Resource.h">
      <Filter>头文件</Filter>
    </ClInclude>
    <ClInclude Include="Staff.h">
      <Filter>头文件</Filter>
    </ClInclude>
    <ClInclude Include="ZhuJieMian_dlg.h">
      <Filter>头文件</Filter>
    </ClInclude>
    <ClInclude Include="StaffDao.h">
      <Filter>头文件</Filter>
    </ClInclude>
    <ClInclude Include="Customer.h">
      <Filter>头文件</Filter>
    </ClInclude>
    <ClInclude Include="AddCustomer.h">
      <Filter>头文件</Filter>
    </ClInclude>
    <ClInclude Include="Tookit.h">
      <Filter>头文件</Filter>
    </ClInclude>
    <ClInclude Include="CustomerDao.h">
      <Filter>头文件</Filter>
    </ClInclude>
    <ClInclude Include="GuanYu.h">
      <Filter>头文件</Filter>
    </ClInclude>
    <ClInclude Include="Card.h">
      <Filter>头文件</Filter>
    </ClInclude>
    <ClInclude Include="BanLiKa.h">
      <Filter>头文件</Filter>
    </ClInclude>
    <ClInclude Include="Carddao.h">
      <Filter>头文件</Filter>
    </ClInclude>
  </ItemGroup>
  <ItemGroup>
    <ClCompile Include="Bank.cpp">
      <Filter>源文件</Filter>
    </ClCompile>
    <ClCompile Include="BankDlg.cpp">
      <Filter>源文件</Filter>
    </ClCompile>
    <ClCompile Include="stdafx.cpp">
      <Filter>源文件</Filter>
    </ClCompile>
    <ClCompile Include="Staff.cpp">
      <Filter>源文件</Filter>
    </ClCompile>
    <ClCompile Include="ZhuJieMian_dlg.cpp">
      <Filter>源文件</Filter>
    </ClCompile>
    <ClCompile Include="StaffDao.cpp">
      <Filter>源文件</Filter>
    </ClCompile>
    <ClCompile Include="Customer.cpp">
      <Filter>源文件</Filter>
    </ClCompile>
    <ClCompile Include="AddCustomer.cpp">
      <Filter>源文件</Filter>
    </ClCompile>
    <ClCompile Include="Tookit.cpp">
      <Filter>源文件</Filter>
    </ClCompile>
    <ClCompile Include="CustomerDao.cpp">
      <Filter>源文件</Filter>
    </ClCompile>
    <ClCompile Include="GuanYu.cpp">
      <Filter>源文件</Filter>
    </ClCompile>
    <ClCompile Include="Card.cpp">
      <Filter>源文件</Filter>
    </ClCompile>
    <ClCompile Include="BanLiKa.cpp">
      <Filter>源文件</Filter>
    </ClCompile>
    <ClCompile Include="Carddao.cpp">
      <Filter>源文件</Filter>
    </ClCompile>
  </ItemGroup>
  <ItemGroup>
    <ResourceCompile Include="Bank.rc">
      <Filter>资源文件</Filter>
    </ResourceCompile>
  </ItemGroup>
  <ItemGroup>
    <None Include="res\Bank.rc2">
      <Filter>资源文件</Filter>
    </None>
    <None Include="ClassDiagram.cd" />
  </ItemGroup>
  <ItemGroup>
    <Image Include="res\Bank.ico">
      <Filter>资源文件</Filter>
    </Image>
    <Image Include="res\bankmanager.ico">
      <Filter>资源文件</Filter>
    </Image>
    <Image Include="res\system.ico">
      <Filter>资源文件</Filter>
    </Image>
  </ItemGroup>
</Project>